<?xml version="1.0" encoding="utf-8"?>
<Project ToolsVersion="4.0" xmlns="http://schemas.microsoft.com/developer/msbuild/2003">
  <ItemGroup>
    <Filter Include="Source Files">
      <UniqueIdentifier>{4FC737F1-C7A5-4376-A066-2A32D752A2FF}</UniqueIdentifier>
      <Extensions>cpp;c;cc;cxx;def;odl;idl;hpj;bat;asm;asmx</Extensions>
    </Filter>
    <Filter Include="Header Files">
      <UniqueIdentifier>{93995380-89BD-4b04-88EB-625FBE52EBFB}</UniqueIdentifier>
      <Extensions>h;hpp;hxx;hm;inl;inc;xsd</Extensions>
    </Filter>
    <Filter Include="Resource Files">
      <UniqueIdentifier>{67DA6AB6-F800-4c08-8B7A-83BB121AAD01}</UniqueIdentifier>
      <Extensions>rc;ico;cur;bmp;dlg;rc2;rct;bin;rgs;gif;jpg;jpeg;jpe;resx;tiff;tif;png;wav;mfcribbon-ms</Extensions>
    </Filter>
  </ItemGroup>
  <ItemGroup>
    <ClInclude Include="src\types.h">
      <Filter>Header Files</Filter>
    </ClInclude>
    <ClInclude Include="src\bundler.h">
      <Filter>Header Files</Filter>
    </ClInclude>
    <ClInclude Include="include\compiler\compile_manager.h">
      <Filter>Header Files</Filter>
    </ClInclude>
    <ClInclude Include="src\schema.h">
      <Filter>Header Files</Filter>
    </ClInclude>
    <ClInclude Include="src\compilers\compiler_types.h">
      <Filter>Header Files</Filter>
    </ClInclude>
    <ClInclude Include="src\compilers\compiler.h">
      <Filter>Header Files</Filter>
    </ClInclude>
    <ClInclude Include="src\compilers\texture_packer.h">
      <Filter>Header Files</Filter>
    </ClInclude>
    <ClInclude Include="src\linkage_manager.h">
      <Filter>Header Files</Filter>
    </ClInclude>
    <ClInclude Include="src\linkage_types.h">
      <Filter>Header Files</Filter>
    </ClInclude>
    <ClInclude Include="src\id_string_manager.h">
      <Filter>Header Files</Filter>
    </ClInclude>
    <ClInclude Include="src\id_string_types.h">
      <Filter>Header Files</Filter>
    </ClInclude>
  </ItemGroup>
  <ItemGroup>
    <ClCompile Include="src\compile_manager.cpp">
      <Filter>Source Files</Filter>
    </ClCompile>
    <ClCompile Include="src\schema.cpp">
      <Filter>Source Files</Filter>
    </ClCompile>
    <ClCompile Include="src\compilers\compiler.cpp">
      <Filter>Source Files</Filter>
    </ClCompile>
    <ClCompile Include="src\compilers\font.cpp">
      <Filter>Source Files</Filter>
    </ClCompile>
    <ClCompile Include="src\compilers\actor.cpp">
      <Filter>Source Files</Filter>
    </ClCompile>
    <ClCompile Include="src\compilers\texture_packer.cpp">
      <Filter>Source Files</Filter>
    </ClCompile>
    <ClCompile Include="src\compilers\animset.cpp">
      <Filter>Source Files</Filter>
    </ClCompile>
    <ClCompile Include="src\compilers\level.cpp">
      <Filter>Source Files</Filter>
    </ClCompile>
    <ClCompile Include="src\compilers\package.cpp">
      <Filter>Source Files</Filter>
    </ClCompile>
    <ClCompile Include="src\compilers\physics.cpp">
      <Filter>Source Files</Filter>
    </ClCompile>
    <ClCompile Include="src\compilers\script.cpp">
      <Filter>Source Files</Filter>
    </ClCompile>
    <ClCompile Include="src\compilers\shader.cpp">
      <Filter>Source Files</Filter>
    </ClCompile>
    <ClCompile Include="src\compilers\shape.cpp">
      <Filter>Source Files</Filter>
    </ClCompile>
    <ClCompile Include="src\compilers\unit.cpp">
      <Filter>Source Files</Filter>
    </ClCompile>
    <ClCompile Include="src\compilers\texture.cpp">
      <Filter>Source Files</Filter>
    </ClCompile>
    <ClCompile Include="src\compilers\sprite.cpp">
      <Filter>Source Files</Filter>
    </ClCompile>
    <ClCompile Include="src\compilers\sound.cpp">
      <Filter>Source Files</Filter>
    </ClCompile>
    <ClCompile Include="src\compilers\audio.cpp">
      <Filter>Source Files</Filter>
    </ClCompile>
    <ClCompile Include="src\linkage_manager.cpp">
      <Filter>Source Files</Filter>
    </ClCompile>
    <ClCompile Include="src\id_string_manager.cpp">
      <Filter>Source Files</Filter>
    </ClCompile>
    <ClCompile Include="src\compilers\particle.cpp">
      <Filter>Source Files</Filter>
    </ClCompile>
  </ItemGroup>
</Project>